PODS:
  - Flutter (1.0.0)
  - flutter_channel_io (0.0.1):
    - Flutter

DEPENDENCIES:
  - Flutter (from `Flutter`)
  - flutter_channel_io (from `.symlinks/plugins/flutter_channel_io/ios`)

EXTERNAL SOURCES:
  Flutter:
    :path: Flutter
  flutter_channel_io:
    :path: ".symlinks/plugins/flutter_channel_io/ios"

SPEC CHECKSUMS:
  Flutter: 434fef37c0980e73bb6479ef766c45957d4b510c
  flutter_channel_io: 19a8fc01e360f778905d1a54b2f89157bf283ed8

PODFILE CHECKSUM: aafe91acc616949ddb318b77800a7f51bffa2a4c

COCOAPODS: 1.10.1
